
Microsoft Visual Studio Solution File, Format Version 12.00
# Visual Studio Version 17
VisualStudioVersion = 17.13.35919.96 d17.13
MinimumVisualStudioVersion = 10.0.40219.1
Project("{FAE04EC0-301F-11D3-BF4B-00C04F79EFBC}") = "BehavioralDesignPattern_ChainOfResponsibility", "BehavioralDesignPattern_ChainOfResponsibility\BehavioralDesignPattern_ChainOfResponsibility.csproj", "{6A5160AB-D702-412C-9D24-2B0760DD4617}"
EndProject
Project("{FAE04EC0-301F-11D3-BF4B-00C04F79EFBC}") = "BehavioralDesignPattern_Command", "BehavioralDesignPattern_Command\BehavioralDesignPattern_Command.csproj", "{B462927E-A7E2-4A13-A2CA-95E5B9DC472A}"
EndProject
Project("{FAE04EC0-301F-11D3-BF4B-00C04F79EFBC}") = "BehavioralDesignPattern_Iterator", "BehavioralDesignPattern_Iterator\BehavioralDesignPattern_Iterator.csproj", "{6AD1AA96-5EF1-4093-8F1A-14CF6A16FED1}"
EndProject
Project("{FAE04EC0-301F-11D3-BF4B-00C04F79EFBC}") = "BehavioralDesignPattern_Mediator", "BehavioralDesignPattern_Mediator\BehavioralDesignPattern_Mediator.csproj", "{87AAEA4E-2664-475B-A25E-E28B71FC930C}"
EndProject
Project("{FAE04EC0-301F-11D3-BF4B-00C04F79EFBC}") = "BehavioralDesignPattern_Momento", "BehavioralDesignPattern_Momento\BehavioralDesignPattern_Momento.csproj", "{DA399356-47CE-4A62-B08E-809A92AE347F}"
EndProject
Project("{FAE04EC0-301F-11D3-BF4B-00C04F79EFBC}") = "BehavioralDesignPattern_Observer", "BehavioralDesignPattern_Observer\BehavioralDesignPattern_Observer.csproj", "{5B3B2ADD-AFB4-439C-B281-663D73D65674}"
EndProject
Project("{FAE04EC0-301F-11D3-BF4B-00C04F79EFBC}") = "BehavioralDesignPattern_State", "BehavioralDesignPattern_State\BehavioralDesignPattern_State.csproj", "{7C50A034-68FE-45A0-BA57-C7C7D10D0C23}"
EndProject
Project("{FAE04EC0-301F-11D3-BF4B-00C04F79EFBC}") = "BehavioralDesignPattern_Strategy", "BehavioralDesignPattern_Strategy\BehavioralDesignPattern_Strategy.csproj", "{819EB697-BF88-422D-8692-B11D4F0EA344}"
EndProject
Project("{FAE04EC0-301F-11D3-BF4B-00C04F79EFBC}") = "BehavioralDesignPattern_TemplateMethod", "BehavioralDesignPattern_TemplateMethod\BehavioralDesignPattern_TemplateMethod.csproj", "{A3962914-6B7F-424F-8BF5-F908C9534CEE}"
EndProject
Project("{FAE04EC0-301F-11D3-BF4B-00C04F79EFBC}") = "BehavioralDesignPattern_Visitor", "BehavioralDesignPattern_Visitor\BehavioralDesignPattern_Visitor.csproj", "{B4CDEA6F-F0FF-4C52-BD6E-BCF2C72DE488}"
EndProject
Project("{FAE04EC0-301F-11D3-BF4B-00C04F79EFBC}") = "StructuralDesignPattern_Adapter", "StructuralDesignPattern_Adapter\StructuralDesignPattern_Adapter.csproj", "{12970C73-155B-4E75-B5B2-C495C92A8B4A}"
EndProject
Project("{FAE04EC0-301F-11D3-BF4B-00C04F79EFBC}") = "StructuralDesignPattern_Bridge", "StructuralDesignPattern_Bridge\StructuralDesignPattern_Bridge.csproj", "{39EB28FB-6A45-440C-A3A4-D65ACE07F653}"
EndProject
Project("{FAE04EC0-301F-11D3-BF4B-00C04F79EFBC}") = "StructuralDesignPattern_Composite", "StructuralDesignPattern_Composite\StructuralDesignPattern_Composite.csproj", "{86E4840C-D562-499B-B405-35FA6B1DA1F0}"
EndProject
Project("{FAE04EC0-301F-11D3-BF4B-00C04F79EFBC}") = "StructuralDesignPattern_Decorator", "StructuralDesignPattern_Decorator\StructuralDesignPattern_Decorator.csproj", "{D9EA046E-834F-4FE8-9E91-C02E8E2EA2F2}"
EndProject
Project("{FAE04EC0-301F-11D3-BF4B-00C04F79EFBC}") = "StructuralDesignPattern_Facade", "StructuralDesignPattern_Facade\StructuralDesignPattern_Facade.csproj", "{5C9052F6-ABD3-42D4-869D-2BE06EED55BB}"
EndProject
Global
	GlobalSection(SolutionConfigurationPlatforms) = preSolution
		Debug|Any CPU = Debug|Any CPU
		Release|Any CPU = Release|Any CPU
	EndGlobalSection
	GlobalSection(ProjectConfigurationPlatforms) = postSolution
		{6A5160AB-D702-412C-9D24-2B0760DD4617}.Debug|Any CPU.ActiveCfg = Debug|Any CPU
		{6A5160AB-D702-412C-9D24-2B0760DD4617}.Debug|Any CPU.Build.0 = Debug|Any CPU
		{6A5160AB-D702-412C-9D24-2B0760DD4617}.Release|Any CPU.ActiveCfg = Release|Any CPU
		{6A5160AB-D702-412C-9D24-2B0760DD4617}.Release|Any CPU.Build.0 = Release|Any CPU
		{B462927E-A7E2-4A13-A2CA-95E5B9DC472A}.Debug|Any CPU.ActiveCfg = Debug|Any CPU
		{B462927E-A7E2-4A13-A2CA-95E5B9DC472A}.Debug|Any CPU.Build.0 = Debug|Any CPU
		{B462927E-A7E2-4A13-A2CA-95E5B9DC472A}.Release|Any CPU.ActiveCfg = Release|Any CPU
		{B462927E-A7E2-4A13-A2CA-95E5B9DC472A}.Release|Any CPU.Build.0 = Release|Any CPU
		{6AD1AA96-5EF1-4093-8F1A-14CF6A16FED1}.Debug|Any CPU.ActiveCfg = Debug|Any CPU
		{6AD1AA96-5EF1-4093-8F1A-14CF6A16FED1}.Debug|Any CPU.Build.0 = Debug|Any CPU
		{6AD1AA96-5EF1-4093-8F1A-14CF6A16FED1}.Release|Any CPU.ActiveCfg = Release|Any CPU
		{6AD1AA96-5EF1-4093-8F1A-14CF6A16FED1}.Release|Any CPU.Build.0 = Release|Any CPU
		{87AAEA4E-2664-475B-A25E-E28B71FC930C}.Debug|Any CPU.ActiveCfg = Debug|Any CPU
		{87AAEA4E-2664-475B-A25E-E28B71FC930C}.Debug|Any CPU.Build.0 = Debug|Any CPU
		{87AAEA4E-2664-475B-A25E-E28B71FC930C}.Release|Any CPU.ActiveCfg = Release|Any CPU
		{87AAEA4E-2664-475B-A25E-E28B71FC930C}.Release|Any CPU.Build.0 = Release|Any CPU
		{DA399356-47CE-4A62-B08E-809A92AE347F}.Debug|Any CPU.ActiveCfg = Debug|Any CPU
		{DA399356-47CE-4A62-B08E-809A92AE347F}.Debug|Any CPU.Build.0 = Debug|Any CPU
		{DA399356-47CE-4A62-B08E-809A92AE347F}.Release|Any CPU.ActiveCfg = Release|Any CPU
		{DA399356-47CE-4A62-B08E-809A92AE347F}.Release|Any CPU.Build.0 = Release|Any CPU
		{5B3B2ADD-AFB4-439C-B281-663D73D65674}.Debug|Any CPU.ActiveCfg = Debug|Any CPU
		{5B3B2ADD-AFB4-439C-B281-663D73D65674}.Debug|Any CPU.Build.0 = Debug|Any CPU
		{5B3B2ADD-AFB4-439C-B281-663D73D65674}.Release|Any CPU.ActiveCfg = Release|Any CPU
		{5B3B2ADD-AFB4-439C-B281-663D73D65674}.Release|Any CPU.Build.0 = Release|Any CPU
		{7C50A034-68FE-45A0-BA57-C7C7D10D0C23}.Debug|Any CPU.ActiveCfg = Debug|Any CPU
		{7C50A034-68FE-45A0-BA57-C7C7D10D0C23}.Debug|Any CPU.Build.0 = Debug|Any CPU
		{7C50A034-68FE-45A0-BA57-C7C7D10D0C23}.Release|Any CPU.ActiveCfg = Release|Any CPU
		{7C50A034-68FE-45A0-BA57-C7C7D10D0C23}.Release|Any CPU.Build.0 = Release|Any CPU
		{819EB697-BF88-422D-8692-B11D4F0EA344}.Debug|Any CPU.ActiveCfg = Debug|Any CPU
		{819EB697-BF88-422D-8692-B11D4F0EA344}.Debug|Any CPU.Build.0 = Debug|Any CPU
		{819EB697-BF88-422D-8692-B11D4F0EA344}.Release|Any CPU.ActiveCfg = Release|Any CPU
		{819EB697-BF88-422D-8692-B11D4F0EA344}.Release|Any CPU.Build.0 = Release|Any CPU
		{A3962914-6B7F-424F-8BF5-F908C9534CEE}.Debug|Any CPU.ActiveCfg = Debug|Any CPU
		{A3962914-6B7F-424F-8BF5-F908C9534CEE}.Debug|Any CPU.Build.0 = Debug|Any CPU
		{A3962914-6B7F-424F-8BF5-F908C9534CEE}.Release|Any CPU.ActiveCfg = Release|Any CPU
		{A3962914-6B7F-424F-8BF5-F908C9534CEE}.Release|Any CPU.Build.0 = Release|Any CPU
		{B4CDEA6F-F0FF-4C52-BD6E-BCF2C72DE488}.Debug|Any CPU.ActiveCfg = Debug|Any CPU
		{B4CDEA6F-F0FF-4C52-BD6E-BCF2C72DE488}.Debug|Any CPU.Build.0 = Debug|Any CPU
		{B4CDEA6F-F0FF-4C52-BD6E-BCF2C72DE488}.Release|Any CPU.ActiveCfg = Release|Any CPU
		{B4CDEA6F-F0FF-4C52-BD6E-BCF2C72DE488}.Release|Any CPU.Build.0 = Release|Any CPU
		{12970C73-155B-4E75-B5B2-C495C92A8B4A}.Debug|Any CPU.ActiveCfg = Debug|Any CPU
		{12970C73-155B-4E75-B5B2-C495C92A8B4A}.Debug|Any CPU.Build.0 = Debug|Any CPU
		{12970C73-155B-4E75-B5B2-C495C92A8B4A}.Release|Any CPU.ActiveCfg = Release|Any CPU
		{12970C73-155B-4E75-B5B2-C495C92A8B4A}.Release|Any CPU.Build.0 = Release|Any CPU
		{39EB28FB-6A45-440C-A3A4-D65ACE07F653}.Debug|Any CPU.ActiveCfg = Debug|Any CPU
		{39EB28FB-6A45-440C-A3A4-D65ACE07F653}.Debug|Any CPU.Build.0 = Debug|Any CPU
		{39EB28FB-6A45-440C-A3A4-D65ACE07F653}.Release|Any CPU.ActiveCfg = Release|Any CPU
		{39EB28FB-6A45-440C-A3A4-D65ACE07F653}.Release|Any CPU.Build.0 = Release|Any CPU
		{86E4840C-D562-499B-B405-35FA6B1DA1F0}.Debug|Any CPU.ActiveCfg = Debug|Any CPU
		{86E4840C-D562-499B-B405-35FA6B1DA1F0}.Debug|Any CPU.Build.0 = Debug|Any CPU
		{86E4840C-D562-499B-B405-35FA6B1DA1F0}.Release|Any CPU.ActiveCfg = Release|Any CPU
		{86E4840C-D562-499B-B405-35FA6B1DA1F0}.Release|Any CPU.Build.0 = Release|Any CPU
		{D9EA046E-834F-4FE8-9E91-C02E8E2EA2F2}.Debug|Any CPU.ActiveCfg = Debug|Any CPU
		{D9EA046E-834F-4FE8-9E91-C02E8E2EA2F2}.Debug|Any CPU.Build.0 = Debug|Any CPU
		{D9EA046E-834F-4FE8-9E91-C02E8E2EA2F2}.Release|Any CPU.ActiveCfg = Release|Any CPU
		{D9EA046E-834F-4FE8-9E91-C02E8E2EA2F2}.Release|Any CPU.Build.0 = Release|Any CPU
		{5C9052F6-ABD3-42D4-869D-2BE06EED55BB}.Debug|Any CPU.ActiveCfg = Debug|Any CPU
		{5C9052F6-ABD3-42D4-869D-2BE06EED55BB}.Debug|Any CPU.Build.0 = Debug|Any CPU
		{5C9052F6-ABD3-42D4-869D-2BE06EED55BB}.Release|Any CPU.ActiveCfg = Release|Any CPU
		{5C9052F6-ABD3-42D4-869D-2BE06EED55BB}.Release|Any CPU.Build.0 = Release|Any CPU
	EndGlobalSection
	GlobalSection(SolutionProperties) = preSolution
		HideSolutionNode = FALSE
	EndGlobalSection
	GlobalSection(ExtensibilityGlobals) = postSolution
		SolutionGuid = {E55AF982-BCFB-47FD-A7B9-C5767481F7AB}
	EndGlobalSection
EndGlobal
